
Microsoft Visual Studio Solution File, Format Version 12.00
# Visual Studio Version 17
VisualStudioVersion = 17.0.31903.59
MinimumVisualStudioVersion = 10.0.40219.1
Project("{2150E333-8FDC-42A3-9474-1A3956D46DE8}") = "src", "src", "{83C94F65-90E7-4EE2-ADE7-05177F28559B}"
EndProject
Project("{FAE04EC0-301F-11D3-BF4B-00C04F79EFBC}") = "iac-ca-api-pub", "src\iac-ca-api-pub\iac-ca-api-pub.csproj", "{4FDBDBA7-4B2A-4316-99D9-DF8E3FEC4914}"
EndProject
Global
	GlobalSection(SolutionConfigurationPlatforms) = preSolution
		Debug|Any CPU = Debug|Any CPU
		Release|Any CPU = Release|Any CPU
	EndGlobalSection
	GlobalSection(SolutionProperties) = preSolution
		HideSolutionNode = FALSE
	EndGlobalSection
	GlobalSection(ProjectConfigurationPlatforms) = postSolution
		{4FDBDBA7-4B2A-4316-99D9-DF8E3FEC4914}.Debug|Any CPU.ActiveCfg = Debug|Any CPU
		{4FDBDBA7-4B2A-4316-99D9-DF8E3FEC4914}.Debug|Any CPU.Build.0 = Debug|Any CPU
		{4FDBDBA7-4B2A-4316-99D9-DF8E3FEC4914}.Release|Any CPU.ActiveCfg = Release|Any CPU
		{4FDBDBA7-4B2A-4316-99D9-DF8E3FEC4914}.Release|Any CPU.Build.0 = Release|Any CPU
	EndGlobalSection
	GlobalSection(NestedProjects) = preSolution
		{4FDBDBA7-4B2A-4316-99D9-DF8E3FEC4914} = {83C94F65-90E7-4EE2-ADE7-05177F28559B}
	EndGlobalSection
EndGlobal
